
Microsoft Visual Studio Solution File, Format Version 12.00
# Visual Studio Version 17
VisualStudioVersion = 17.0.31903.59
MinimumVisualStudioVersion = 10.0.40219.1
Project("{9A19103F-16F7-4668-BE54-9A1E7A4F7556}") = "Resultix", "Resultix\Resultix.csproj", "{6CE57504-0BF8-4C99-B65C-F271DE141498}"
EndProject
Project("{FAE04EC0-301F-11D3-BF4B-00C04F79EFBC}") = "Resultix.Tests", "Resultix.Tests\Resultix.Tests.csproj", "{AC236B52-24A2-4945-9A6A-7D550AC8F3B7}"
EndProject
Global
	GlobalSection(SolutionConfigurationPlatforms) = preSolution
		Debug|Any CPU = Debug|Any CPU
		Release|Any CPU = Release|Any CPU
	EndGlobalSection
	GlobalSection(ProjectConfigurationPlatforms) = postSolution
		{6CE57504-0BF8-4C99-B65C-F271DE141498}.Debug|Any CPU.ActiveCfg = Debug|Any CPU
		{6CE57504-0BF8-4C99-B65C-F271DE141498}.Debug|Any CPU.Build.0 = Debug|Any CPU
		{6CE57504-0BF8-4C99-B65C-F271DE141498}.Release|Any CPU.ActiveCfg = Release|Any CPU
		{6CE57504-0BF8-4C99-B65C-F271DE141498}.Release|Any CPU.Build.0 = Release|Any CPU
		{AC236B52-24A2-4945-9A6A-7D550AC8F3B7}.Debug|Any CPU.ActiveCfg = Debug|Any CPU
		{AC236B52-24A2-4945-9A6A-7D550AC8F3B7}.Debug|Any CPU.Build.0 = Debug|Any CPU
		{AC236B52-24A2-4945-9A6A-7D550AC8F3B7}.Release|Any CPU.ActiveCfg = Release|Any CPU
		{AC236B52-24A2-4945-9A6A-7D550AC8F3B7}.Release|Any CPU.Build.0 = Release|Any CPU
	EndGlobalSection
	GlobalSection(SolutionProperties) = preSolution
		HideSolutionNode = FALSE
	EndGlobalSection
EndGlobal
